// !$*UTF8*$!
{
	archiveVersion = 1;
	classes = {
	};
	objectVersion = 50;
	objects = {

/* Begin PBXBuildFile section */
		BA1D87DA24491858002A4F34 /* AppDelegate.swift in Sources */ = {isa = PBXBuildFile; fileRef = BA1D87D924491858002A4F34 /* AppDelegate.swift */; };
		BA1D87DC24491858002A4F34 /* SceneDelegate.swift in Sources */ = {isa = PBXBuildFile; fileRef = BA1D87DB24491858002A4F34 /* SceneDelegate.swift */; };
		BA1D87DE24491858002A4F34 /* ViewController.swift in Sources */ = {isa = PBXBuildFile; fileRef = BA1D87DD24491858002A4F34 /* ViewController.swift */; };
		BA1D87E124491858002A4F34 /* Main.storyboard in Resources */ = {isa = PBXBuildFile; fileRef = BA1D87DF24491858002A4F34 /* Main.storyboard */; };
		BA1D87E324491862002A4F34 /* Assets.xcassets in Resources */ = {isa = PBXBuildFile; fileRef = BA1D87E224491862002A4F34 /* Assets.xcassets */; };
		BA1D87E624491862002A4F34 /* LaunchScreen.storyboard in Resources */ = {isa = PBXBuildFile; fileRef = BA1D87E424491862002A4F34 /* LaunchScreen.storyboard */; };
		BA1D87EE24491902002A4F34 /* DataModel.swift in Sources */ = {isa = PBXBuildFile; fileRef = BA1D87ED24491901002A4F34 /* DataModel.swift */; };
		BA1D87F024491A92002A4F34 /* TableViewDataSource.swift in Sources */ = {isa = PBXBuildFile; fileRef = BA1D87EF24491A92002A4F34 /* TableViewDataSource.swift */; };
		BA1D87F324491C16002A4F34 /* TableViewDataCell.swift in Sources */ = {isa = PBXBuildFile; fileRef = BA1D87F124491C16002A4F34 /* TableViewDataCell.swift */; };
		BA1D87F424491C16002A4F34 /* TableViewDataCell.xib in Resources */ = {isa = PBXBuildFile; fileRef = BA1D87F224491C16002A4F34 /* TableViewDataCell.xib */; };
		BA1D87F824492720002A4F34 /* Constants.swift in Sources */ = {isa = PBXBuildFile; fileRef = BA1D87F724492720002A4F34 /* Constants.swift */; };
/* End PBXBuildFile section */

/* Begin PBXFileReference section */
		BA1D87D624491858002A4F34 /* CustomTableView.app */ = {isa = PBXFileReference; explicitFileType = wrapper.application; includeInIndex = 0; path = CustomTableView.app; sourceTree = BUILT_PRODUCTS_DIR; };
		BA1D87D924491858002A4F34 /* AppDelegate.swift */ = {isa = PBXFileReference; lastKnownFileType = sourcecode.swift; path = AppDelegate.swift; sourceTree = "<group>"; };
		BA1D87DB24491858002A4F34 /* SceneDelegate.swift */ = {isa = PBXFileReference; lastKnownFileType = sourcecode.swift; path = SceneDelegate.swift; sourceTree = "<group>"; };
		BA1D87DD24491858002A4F34 /* ViewController.swift */ = {isa = PBXFileReference; lastKnownFileType = sourcecode.swift; path = ViewController.swift; sourceTree = "<group>"; };
		BA1D87E024491858002A4F34 /* Base */ = {isa = PBXFileReference; lastKnownFileType = file.storyboard; name = Base; path = Base.lproj/Main.storyboard; sourceTree = "<group>"; };
		BA1D87E224491862002A4F34 /* Assets.xcassets */ = {isa = PBXFileReference; lastKnownFileType = folder.assetcatalog; path = Assets.xcassets; sourceTree = "<group>"; };
		BA1D87E524491862002A4F34 /* Base */ = {isa = PBXFileReference; lastKnownFileType = file.storyboard; name = Base; path = Base.lproj/LaunchScreen.storyboard; sourceTree = "<group>"; };
		BA1D87E724491862002A4F34 /* Info.plist */ = {isa = PBXFileReference; lastKnownFileType = text.plist.xml; path = Info.plist; sourceTree = "<group>"; };
		BA1D87ED24491901002A4F34 /* DataModel.swift */ = {isa = PBXFileReference; lastKnownFileType = sourcecode.swift; path = DataModel.swift; sourceTree = "<group>"; };
		BA1D87EF24491A92002A4F34 /* TableViewDataSource.swift */ = {isa = PBXFileReference; lastKnownFileType = sourcecode.swift; path = TableViewDataSource.swift; sourceTree = "<group>"; };
		BA1D87F124491C16002A4F34 /* TableViewDataCell.swift */ = {isa = PBXFileReference; lastKnownFileType = sourcecode.swift; path = TableViewDataCell.swift; sourceTree = "<group>"; };
		BA1D87F224491C16002A4F34 /* TableViewDataCell.xib */ = {isa = PBXFileReference; lastKnownFileType = file.xib; path = TableViewDataCell.xib; sourceTree = "<group>"; };
		BA1D87F724492720002A4F34 /* Constants.swift */ = {isa = PBXFileReference; lastKnownFileType = sourcecode.swift; path = Constants.swift; sourceTree = "<group>"; };
/* End PBXFileReference section */

/* Begin PBXFrameworksBuildPhase section */
		BA1D87D324491858002A4F34 /* Frameworks */ = {
			isa = PBXFrameworksBuildPhase;
			buildActionMask = 2147483647;
			files = (
			);
			runOnlyForDeploymentPostprocessing = 0;
		};
/* End PBXFrameworksBuildPhase section */

/* Begin PBXGroup section */
		BA1D87CD24491857002A4F34 = {
			isa = PBXGroup;
			children = (
				BA1D87D824491858002A4F34 /* CustomTableView */,
				BA1D87D724491858002A4F34 /* Products */,
			);
			sourceTree = "<group>";
		};
		BA1D87D724491858002A4F34 /* Products */ = {
			isa = PBXGroup;
			children = (
				BA1D87D624491858002A4F34 /* CustomTableView.app */,
			);
			name = Products;
			sourceTree = "<group>";
		};
		BA1D87D824491858002A4F34 /* CustomTableView */ = {
			isa = PBXGroup;
			children = (
				BA1D87D924491858002A4F34 /* AppDelegate.swift */,
				BA1D87DB24491858002A4F34 /* SceneDelegate.swift */,
				BA1D87DD24491858002A4F34 /* ViewController.swift */,
				BA1D87DF24491858002A4F34 /* Main.storyboard */,
				BA1D87E224491862002A4F34 /* Assets.xcassets */,
				BA1D87E424491862002A4F34 /* LaunchScreen.storyboard */,
				BA1D87E724491862002A4F34 /* Info.plist */,
				BA1D87ED24491901002A4F34 /* DataModel.swift */,
				BA1D87EF24491A92002A4F34 /* TableViewDataSource.swift */,
				BA1D87F124491C16002A4F34 /* TableViewDataCell.swift */,
				BA1D87F224491C16002A4F34 /* TableViewDataCell.xib */,
				BA1D87F724492720002A4F34 /* Constants.swift */,
			);
			path = CustomTableView;
			sourceTree = "<group>";
		};
/* End PBXGroup section */

/* Begin PBXNativeTarget section */
		BA1D87D524491858002A4F34 /* CustomTableView */ = {
			isa = PBXNativeTarget;
			buildConfigurationList = BA1D87EA24491862002A4F34 /* Build configuration list for PBXNativeTarget "CustomTableView" */;
			buildPhases = (
				BA1D87D224491858002A4F34 /* Sources */,
				BA1D87D324491858002A4F34 /* Frameworks */,
				BA1D87D424491858002A4F34 /* Resources */,
			);
			buildRules = (
			);
			dependencies = (
			);
			name = CustomTableView;
			productName = CustomTableView;
			productReference = BA1D87D624491858002A4F34 /* CustomTableView.app */;
			productType = "com.apple.product-type.application";
		};
/* End PBXNativeTarget section */

/* Begin PBXProject section */
		BA1D87CE24491858002A4F34 /* Project object */ = {
			isa = PBXProject;
			attributes = {
				LastSwiftUpdateCheck = 1110;
				LastUpgradeCheck = 1110;
				ORGANIZATIONNAME = Mohamed74;
				TargetAttributes = {
					BA1D87D524491858002A4F34 = {
						CreatedOnToolsVersion = 11.1;
					};
				};
			};
			buildConfigurationList = BA1D87D124491858002A4F34 /* Build configuration list for PBXProject "CustomTableView" */;
			compatibilityVersion = "Xcode 9.3";
			developmentRegion = en;
			hasScannedForEncodings = 0;
			knownRegions = (
				en,
				Base,
			);
			mainGroup = BA1D87CD24491857002A4F34;
			productRefGroup = BA1D87D724491858002A4F34 /* Products */;
			projectDirPath = "";
			projectRoot = "";
			targets = (
				BA1D87D524491858002A4F34 /* CustomTableView */,
			);
		};
/* End PBXProject section */

/* Begin PBXResourcesBuildPhase section */
		BA1D87D424491858002A4F34 /* Resources */ = {
			isa = PBXResourcesBuildPhase;
			buildActionMask = 2147483647;
			files = (
				BA1D87E624491862002A4F34 /* LaunchScreen.storyboard in Resources */,
				BA1D87E324491862002A4F34 /* Assets.xcassets in Resources */,
				BA1D87E124491858002A4F34 /* Main.storyboard in Resources */,
				BA1D87F424491C16002A4F34 /* TableViewDataCell.xib in Resources */,
			);
			runOnlyForDeploymentPostprocessing = 0;
		};
/* End PBXResourcesBuildPhase section */

/* Begin PBXSourcesBuildPhase section */
		BA1D87D224491858002A4F34 /* Sources */ = {
			isa = PBXSourcesBuildPhase;
			buildActionMask = 2147483647;
			files = (
				BA1D87DE24491858002A4F34 /* ViewController.swift in Sources */,
				BA1D87F324491C16002A4F34 /* TableViewDataCell.swift in Sources */,
				BA1D87F024491A92002A4F34 /* TableViewDataSource.swift in Sources */,
				BA1D87EE24491902002A4F34 /* DataModel.swift in Sources */,
				BA1D87DA24491858002A4F34 /* AppDelegate.swift in Sources */,
				BA1D87DC24491858002A4F34 /* SceneDelegate.swift in Sources */,
				BA1D87F824492720002A4F34 /* Constants.swift in Sources */,
			);
			runOnlyForDeploymentPostprocessing = 0;
		};
/* End PBXSourcesBuildPhase section */

/* Begin PBXVariantGroup section */
		BA1D87DF24491858002A4F34 /* Main.storyboard */ = {
			isa = PBXVariantGroup;
			children = (
				BA1D87E024491858002A4F34 /* Base */,
			);
			name = Main.storyboard;
			sourceTree = "<group>";
		};
		BA1D87E424491862002A4F34 /* LaunchScreen.storyboard */ = {
			isa = PBXVariantGroup;
			children = (
				BA1D87E524491862002A4F34 /* Base */,
			);
			name = LaunchScreen.storyboard;
			sourceTree = "<group>";
		};
/* End PBXVariantGroup section */

/* Begin XCBuildConfiguration section */
		BA1D87E824491862002A4F34 /* Debug */ = {
			isa = XCBuildConfiguration;
			buildSettings = {
				ALWAYS_SEARCH_USER_PATHS = NO;
				CLANG_ANALYZER_NONNULL = YES;
				CLANG_ANALYZER_NUMBER_OBJECT_CONVERSION = YES_AGGRESSIVE;
				CLANG_CXX_LANGUAGE_STANDARD = "gnu++14";
				CLANG_CXX_LIBRARY = "libc++";
				CLANG_ENABLE_MODULES = YES;
				CLANG_ENABLE_OBJC_ARC = YES;
				CLANG_ENABLE_OBJC_WEAK = YES;
				CLANG_WARN_BLOCK_CAPTURE_AUTORELEASING = YES;
				CLANG_WARN_BOOL_CONVERSION = YES;
				CLANG_WARN_COMMA = YES;
				CLANG_WARN_CONSTANT_CONVERSION = YES;
				CLANG_WARN_DEPRECATED_OBJC_IMPLEMENTATIONS = YES;
				CLANG_WARN_DIRECT_OBJC_ISA_USAGE = YES_ERROR;
				CLANG_WARN_DOCUMENTATION_COMMENTS = YES;
				CLANG_WARN_EMPTY_BODY = YES;
				CLANG_WARN_ENUM_CONVERSION = YES;
				CLANG_WARN_INFINITE_RECURSION = YES;
				CLANG_WARN_INT_CONVERSION = YES;
				CLANG_WARN_NON_LITERAL_NULL_CONVERSION = YES;
				CLANG_WARN_OBJC_IMPLICIT_RETAIN_SELF = YES;
				CLANG_WARN_OBJC_LITERAL_CONVERSION = YES;
				CLANG_WARN_OBJC_ROOT_CLASS = YES_ERROR;
				CLANG_WARN_RANGE_LOOP_ANALYSIS = YES;
				CLANG_WARN_STRICT_PROTOTYPES = YES;
				CLANG_WARN_SUSPICIOUS_MOVE = YES;
				CLANG_WARN_UNGUARDED_AVAILABILITY = YES_AGGRESSIVE;
				CLANG_WARN_UNREACHABLE_CODE = YES;
				CLANG_WARN__DUPLICATE_METHOD_MATCH = YES;
				COPY_PHASE_STRIP = NO;
				DEBUG_INFORMATION_FORMAT = dwarf;
				ENABLE_STRICT_OBJC_MSGSEND = YES;
				ENABLE_TESTABILITY = YES;
				GCC_C_LANGUAGE_STANDARD = gnu11;
				GCC_DYNAMIC_NO_PIC = NO;
				GCC_NO_COMMON_BLOCKS = YES;
				GCC_OPTIMIZATION_LEVEL = 0;
				GCC_PREPROCESSOR_DEFINITIONS = (
					"DEBUG=1",
					"$(inherited)",
				);
				GCC_WARN_64_TO_32_BIT_CONVERSION = YES;
				GCC_WARN_ABOUT_RETURN_TYPE = YES_ERROR;
				GCC_WARN_UNDECLARED_SELECTOR = YES;
				GCC_WARN_UNINITIALIZED_AUTOS = YES_AGGRESSIVE;
				GCC_WARN_UNUSED_FUNCTION = YES;
				GCC_WARN_UNUSED_VARIABLE = YES;
				IPHONEOS_DEPLOYMENT_TARGET = 13.1;
				MTL_ENABLE_DEBUG_INFO = INCLUDE_SOURCE;
				MTL_FAST_MATH = YES;
				ONLY_ACTIVE_ARCH = YES;
				SDKROOT = iphoneos;
				SWIFT_ACTIVE_COMPILATION_CONDITIONS = DEBUG;
				SWIFT_OPTIMIZATION_LEVEL = "-Onone";
			};
			name = Debug;
		};
		BA1D87E924491862002A4F34 /* Release */ = {
			isa = XCBuildConfiguration;
			buildSettings = {
				ALWAYS_SEARCH_USER_PATHS = NO;
				CLANG_ANALYZER_NONNULL = YES;
				CLANG_ANALYZER_NUMBER_OBJECT_CONVERSION = YES_AGGRESSIVE;
				CLANG_CXX_LANGUAGE_STANDARD = "gnu++14";
				CLANG_CXX_LIBRARY = "libc++";
				CLANG_ENABLE_MODULES = YES;
				CLANG_ENABLE_OBJC_ARC = YES;
				CLANG_ENABLE_OBJC_WEAK = YES;
				CLANG_WARN_BLOCK_CAPTURE_AUTORELEASING = YES;
				CLANG_WARN_BOOL_CONVERSION = YES;
				CLANG_WARN_COMMA = YES;
				CLANG_WARN_CONSTANT_CONVERSION = YES;
				CLANG_WARN_DEPRECATED_OBJC_IMPLEMENTATIONS = YES;
				CLANG_WARN_DIRECT_OBJC_ISA_USAGE = YES_ERROR;
				CLANG_WARN_DOCUMENTATION_COMMENTS = YES;
				CLANG_WARN_EMPTY_BODY = YES;
				CLANG_WARN_ENUM_CONVERSION = YES;
				CLANG_WARN_INFINITE_RECURSION = YES;
				CLANG_WARN_INT_CONVERSION = YES;
				CLANG_WARN_NON_LITERAL_NULL_CONVERSION = YES;
				CLANG_WARN_OBJC_IMPLICIT_RETAIN_SELF = YES;
				CLANG_WARN_OBJC_LITERAL_CONVERSION = YES;
				CLANG_WARN_OBJC_ROOT_CLASS = YES_ERROR;
				CLANG_WARN_RANGE_LOOP_ANALYSIS = YES;
				CLANG_WARN_STRICT_PROTOTYPES = YES;
				CLANG_WARN_SUSPICIOUS_MOVE = YES;
				CLANG_WARN_UNGUARDED_AVAILABILITY = YES_AGGRESSIVE;
				CLANG_WARN_UNREACHABLE_CODE = YES;
				CLANG_WARN__DUPLICATE_METHOD_MATCH = YES;
				COPY_PHASE_STRIP = NO;
				DEBUG_INFORMATION_FORMAT = "dwarf-with-dsym";
				ENABLE_NS_ASSERTIONS = NO;
				ENABLE_STRICT_OBJC_MSGSEND = YES;
				GCC_C_LANGUAGE_STANDARD = gnu11;
				GCC_NO_COMMON_BLOCKS = YES;
				GCC_WARN_64_TO_32_BIT_CONVERSION = YES;
				GCC_WARN_ABOUT_RETURN_TYPE = YES_ERROR;
				GCC_WARN_UNDECLARED_SELECTOR = YES;
				GCC_WARN_UNINITIALIZED_AUTOS = YES_AGGRESSIVE;
				GCC_WARN_UNUSED_FUNCTION = YES;
				GCC_WARN_UNUSED_VARIABLE = YES;
				IPHONEOS_DEPLOYMENT_TARGET = 13.1;
				MTL_ENABLE_DEBUG_INFO = NO;
				MTL_FAST_MATH = YES;
				SDKROOT = iphoneos;
				SWIFT_COMPILATION_MODE = wholemodule;
				SWIFT_OPTIMIZATION_LEVEL = "-O";
				VALIDATE_PRODUCT = YES;
			};
			name = Release;
		};
		BA1D87EB24491862002A4F34 /* Debug */ = {
			isa = XCBuildConfiguration;
			buildSettings = {
				ASSETCATALOG_COMPILER_APPICON_NAME = AppIcon;
				CODE_SIGN_STYLE = Automatic;
				DEVELOPMENT_TEAM = 2S53RG6Q4M;
				INFOPLIST_FILE = CustomTableView/Info.plist;
				LD_RUNPATH_SEARCH_PATHS = (
					"$(inherited)",
					"@executable_path/Frameworks",
				);
				PRODUCT_BUNDLE_IDENTIFIER = "Mohamed-osama.CustomTableView";
				PRODUCT_NAME = "$(TARGET_NAME)";
				SWIFT_VERSION = 5.0;
				TARGETED_DEVICE_FAMILY = "1,2";
			};
			name = Debug;
		};
		BA1D87EC24491862002A4F34 /* Release */ = {
			isa = XCBuildConfiguration;
			buildSettings = {
				ASSETCATALOG_COMPILER_APPICON_NAME = AppIcon;
				CODE_SIGN_STYLE = Automatic;
				DEVELOPMENT_TEAM = 2S53RG6Q4M;
				INFOPLIST_FILE = CustomTableView/Info.plist;
				LD_RUNPATH_SEARCH_PATHS = (
					"$(inherited)",
					"@executable_path/Frameworks",
				);
				PRODUCT_BUNDLE_IDENTIFIER = "Mohamed-osama.CustomTableView";
				PRODUCT_NAME = "$(TARGET_NAME)";
				SWIFT_VERSION = 5.0;
				TARGETED_DEVICE_FAMILY = "1,2";
			};
			name = Release;
		};
/* End XCBuildConfiguration section */

/* Begin XCConfigurationList section */
		BA1D87D124491858002A4F34 /* Build configuration list for PBXProject "CustomTableView" */ = {
			isa = XCConfigurationList;
			buildConfigurations = (
				BA1D87E824491862002A4F34 /* Debug */,
				BA1D87E924491862002A4F34 /* Release */,
			);
			defaultConfigurationIsVisible = 0;
			defaultConfigurationName = Release;
		};
		BA1D87EA24491862002A4F34 /* Build configuration list for PBXNativeTarget "CustomTableView" */ = {
			isa = XCConfigurationList;
			buildConfigurations = (
				BA1D87EB24491862002A4F34 /* Debug */,
				BA1D87EC24491862002A4F34 /* Release */,
			);
			defaultConfigurationIsVisible = 0;
			defaultConfigurationName = Release;
		};
/* End XCConfigurationList section */
	};
	rootObject = BA1D87CE24491858002A4F34 /* Project object */;
}
